// !$*UTF8*$!
{
	archiveVersion = 1;
	classes = {
	};
	objectVersion = 46;
	objects = {

/* Begin PBXBuildFile section */
		380492D29CC04CB28601D248 /* libPods.a in Frameworks */ = {isa = PBXBuildFile; fileRef = EF7BCCDD25FD4ED981EC3AA2 /* libPods.a */; };
		AA45FE951871FC700094F0EC /* LibraryViewController.m in Sources */ = {isa = PBXBuildFile; fileRef = AA45FE941871FC700094F0EC /* LibraryViewController.m */; };
		AA45FEE3187796190094F0EC /* MultipeerConnectivity.framework in Frameworks */ = {isa = PBXBuildFile; fileRef = AA45FEE2187796190094F0EC /* MultipeerConnectivity.framework */; };
		AA45FEE818779C2E0094F0EC /* BTLEViewController.m in Sources */ = {isa = PBXBuildFile; fileRef = AA45FEE718779C2E0094F0EC /* BTLEViewController.m */; };
		AA595CA4186D3E0B00426227 /* SongStruct.m in Sources */ = {isa = PBXBuildFile; fileRef = AA595CA3186D3E0B00426227 /* SongStruct.m */; };
		AA595CAB186DAE4700426227 /* Mobile_Signal.png in Resources */ = {isa = PBXBuildFile; fileRef = AA595CAA186DAE4700426227 /* Mobile_Signal.png */; };
		AA65F80B1895FF2400B08CF0 /* MediaSourceViewController.m in Sources */ = {isa = PBXBuildFile; fileRef = AA65F80A1895FF2400B08CF0 /* MediaSourceViewController.m */; };
		AA74EF8218959E4E00394B0D /* SCYouViewController.m in Sources */ = {isa = PBXBuildFile; fileRef = AA74EF8118959E4E00394B0D /* SCYouViewController.m */; };
		AA74EF851895A03F00394B0D /* SCSearchViewController.m in Sources */ = {isa = PBXBuildFile; fileRef = AA74EF841895A03F00394B0D /* SCSearchViewController.m */; };
		AA87037818626EB00062A25C /* Foundation.framework in Frameworks */ = {isa = PBXBuildFile; fileRef = AA87037718626EB00062A25C /* Foundation.framework */; };
		AA87037A18626EB00062A25C /* CoreGraphics.framework in Frameworks */ = {isa = PBXBuildFile; fileRef = AA87037918626EB00062A25C /* CoreGraphics.framework */; };
		AA87037C18626EB00062A25C /* UIKit.framework in Frameworks */ = {isa = PBXBuildFile; fileRef = AA87037B18626EB00062A25C /* UIKit.framework */; };
		AA87038218626EB00062A25C /* InfoPlist.strings in Resources */ = {isa = PBXBuildFile; fileRef = AA87038018626EB00062A25C /* InfoPlist.strings */; };
		AA87038418626EB00062A25C /* main.m in Sources */ = {isa = PBXBuildFile; fileRef = AA87038318626EB00062A25C /* main.m */; };
		AA87038818626EB00062A25C /* QueueAppDelegate.m in Sources */ = {isa = PBXBuildFile; fileRef = AA87038718626EB00062A25C /* QueueAppDelegate.m */; };
		AA87038E18626EB00062A25C /* QueueViewController.m in Sources */ = {isa = PBXBuildFile; fileRef = AA87038D18626EB00062A25C /* QueueViewController.m */; };
		AA87039018626EB00062A25C /* Images.xcassets in Resources */ = {isa = PBXBuildFile; fileRef = AA87038F18626EB00062A25C /* Images.xcassets */; };
		AA87039718626EB10062A25C /* XCTest.framework in Frameworks */ = {isa = PBXBuildFile; fileRef = AA87039618626EB10062A25C /* XCTest.framework */; };
		AA87039818626EB10062A25C /* Foundation.framework in Frameworks */ = {isa = PBXBuildFile; fileRef = AA87037718626EB00062A25C /* Foundation.framework */; };
		AA87039918626EB10062A25C /* UIKit.framework in Frameworks */ = {isa = PBXBuildFile; fileRef = AA87037B18626EB00062A25C /* UIKit.framework */; };
		AA8703A118626EB10062A25C /* InfoPlist.strings in Resources */ = {isa = PBXBuildFile; fileRef = AA87039F18626EB10062A25C /* InfoPlist.strings */; };
		AA8703A318626EB10062A25C /* QueueTests.m in Sources */ = {isa = PBXBuildFile; fileRef = AA8703A218626EB10062A25C /* QueueTests.m */; };
		AA8703B61862756E0062A25C /* pause_button.png in Resources */ = {isa = PBXBuildFile; fileRef = AA8703B21862756E0062A25C /* pause_button.png */; };
		AA8703B71862756E0062A25C /* pause_button@2x.png in Resources */ = {isa = PBXBuildFile; fileRef = AA8703B31862756E0062A25C /* pause_button@2x.png */; };
		AA8703B81862756E0062A25C /* play_button.png in Resources */ = {isa = PBXBuildFile; fileRef = AA8703B41862756E0062A25C /* play_button.png */; };
		AA8703B91862756E0062A25C /* play_button@2x.png in Resources */ = {isa = PBXBuildFile; fileRef = AA8703B51862756E0062A25C /* play_button@2x.png */; };
		AA8703BB18627A550062A25C /* MediaPlayer.framework in Frameworks */ = {isa = PBXBuildFile; fileRef = AA8703BA18627A550062A25C /* MediaPlayer.framework */; };
		AA8703C0186282400062A25C /* AudioToolbox.framework in Frameworks */ = {isa = PBXBuildFile; fileRef = AA8703BF186282400062A25C /* AudioToolbox.framework */; };
		AA8703C2186282460062A25C /* AVFoundation.framework in Frameworks */ = {isa = PBXBuildFile; fileRef = AA8703C1186282460062A25C /* AVFoundation.framework */; };
		AA8703C51862A6BE0062A25C /* QueueTableViewController.m in Sources */ = {isa = PBXBuildFile; fileRef = AA8703C41862A6BE0062A25C /* QueueTableViewController.m */; };
		AA8703CD1862D1200062A25C /* background.jpg in Resources */ = {isa = PBXBuildFile; fileRef = AA8703CC1862D1200062A25C /* background.jpg */; };
		AAA82245187881B400F55CE3 /* FXBlurView.m in Sources */ = {isa = PBXBuildFile; fileRef = AAA82244187881B400F55CE3 /* FXBlurView.m */; };
		AAA822471878893F00F55CE3 /* Accelerate.framework in Frameworks */ = {isa = PBXBuildFile; fileRef = AAA822461878893F00F55CE3 /* Accelerate.framework */; };
		AAA8224D187F5EC200F55CE3 /* CurrentPlaylist.plist in Resources */ = {isa = PBXBuildFile; fileRef = AAA8224C187F5EC200F55CE3 /* CurrentPlaylist.plist */; };
		AAA8225E187FD3AC00F55CE3 /* Main.storyboard in Resources */ = {isa = PBXBuildFile; fileRef = AAA8225D187FD3AC00F55CE3 /* Main.storyboard */; };
		AAA82261187FDB1900F55CE3 /* UIViewController+JASidePanel.m in Sources */ = {isa = PBXBuildFile; fileRef = AAA82260187FDB1900F55CE3 /* UIViewController+JASidePanel.m */; };
		AAA82264187FDB3200F55CE3 /* JASidePanelController.m in Sources */ = {isa = PBXBuildFile; fileRef = AAA82263187FDB3200F55CE3 /* JASidePanelController.m */; };
		AAA82267187FE61500F55CE3 /* LeftPanelViewController.m in Sources */ = {isa = PBXBuildFile; fileRef = AAA82266187FE61500F55CE3 /* LeftPanelViewController.m */; };
		AAA82292188F55A900F55CE3 /* AddressBook.framework in Frameworks */ = {isa = PBXBuildFile; fileRef = AAA8228D188F55A900F55CE3 /* AddressBook.framework */; };
		AAA82293188F55A900F55CE3 /* AddressBookUI.framework in Frameworks */ = {isa = PBXBuildFile; fileRef = AAA8228E188F55A900F55CE3 /* AddressBookUI.framework */; };
		AAA82294188F55A900F55CE3 /* CoreLocation.framework in Frameworks */ = {isa = PBXBuildFile; fileRef = AAA8228F188F55A900F55CE3 /* CoreLocation.framework */; };
		AAA82295188F55A900F55CE3 /* CoreText.framework in Frameworks */ = {isa = PBXBuildFile; fileRef = AAA82290188F55A900F55CE3 /* CoreText.framework */; };
		AAA82296188F55A900F55CE3 /* QuartzCore.framework in Frameworks */ = {isa = PBXBuildFile; fileRef = AAA82291188F55A900F55CE3 /* QuartzCore.framework */; };
		AABFC8051863165500AF22B4 /* no_artwork.png in Resources */ = {isa = PBXBuildFile; fileRef = AABFC8041863165500AF22B4 /* no_artwork.png */; };
/* End PBXBuildFile section */

/* Begin PBXContainerItemProxy section */
		AA87039A18626EB10062A25C /* PBXContainerItemProxy */ = {
			isa = PBXContainerItemProxy;
			containerPortal = AA87036C18626EB00062A25C /* Project object */;
			proxyType = 1;
			remoteGlobalIDString = AA87037318626EB00062A25C;
			remoteInfo = Queue;
		};
/* End PBXContainerItemProxy section */

/* Begin PBXFileReference section */
		AA45FE931871FC700094F0EC /* LibraryViewController.h */ = {isa = PBXFileReference; fileEncoding = 4; lastKnownFileType = sourcecode.c.h; path = LibraryViewController.h; sourceTree = "<group>"; };
		AA45FE941871FC700094F0EC /* LibraryViewController.m */ = {isa = PBXFileReference; fileEncoding = 4; lastKnownFileType = sourcecode.c.objc; path = LibraryViewController.m; sourceTree = "<group>"; };
		AA45FEE2187796190094F0EC /* MultipeerConnectivity.framework */ = {isa = PBXFileReference; lastKnownFileType = wrapper.framework; name = MultipeerConnectivity.framework; path = System/Library/Frameworks/MultipeerConnectivity.framework; sourceTree = SDKROOT; };
		AA45FEE718779C2E0094F0EC /* BTLEViewController.m */ = {isa = PBXFileReference; fileEncoding = 4; lastKnownFileType = sourcecode.c.objc; path = BTLEViewController.m; sourceTree = "<group>"; };
		AA45FEE918779C6B0094F0EC /* BTLEViewController.h */ = {isa = PBXFileReference; fileEncoding = 4; lastKnownFileType = sourcecode.c.h; path = BTLEViewController.h; sourceTree = "<group>"; };
		AA595CA2186D3E0B00426227 /* SongStruct.h */ = {isa = PBXFileReference; fileEncoding = 4; lastKnownFileType = sourcecode.c.h; path = SongStruct.h; sourceTree = "<group>"; };
		AA595CA3186D3E0B00426227 /* SongStruct.m */ = {isa = PBXFileReference; fileEncoding = 4; lastKnownFileType = sourcecode.c.objc; path = SongStruct.m; sourceTree = "<group>"; };
		AA595CAA186DAE4700426227 /* Mobile_Signal.png */ = {isa = PBXFileReference; lastKnownFileType = image.png; path = Mobile_Signal.png; sourceTree = "<group>"; };
		AA65F8091895FF2400B08CF0 /* MediaSourceViewController.h */ = {isa = PBXFileReference; fileEncoding = 4; lastKnownFileType = sourcecode.c.h; path = MediaSourceViewController.h; sourceTree = "<group>"; };
		AA65F80A1895FF2400B08CF0 /* MediaSourceViewController.m */ = {isa = PBXFileReference; fileEncoding = 4; lastKnownFileType = sourcecode.c.objc; path = MediaSourceViewController.m; sourceTree = "<group>"; };
		AA74EF8018959E4E00394B0D /* SCYouViewController.h */ = {isa = PBXFileReference; fileEncoding = 4; lastKnownFileType = sourcecode.c.h; path = SCYouViewController.h; sourceTree = "<group>"; };
		AA74EF8118959E4E00394B0D /* SCYouViewController.m */ = {isa = PBXFileReference; fileEncoding = 4; lastKnownFileType = sourcecode.c.objc; path = SCYouViewController.m; sourceTree = "<group>"; };
		AA74EF831895A03F00394B0D /* SCSearchViewController.h */ = {isa = PBXFileReference; fileEncoding = 4; lastKnownFileType = sourcecode.c.h; path = SCSearchViewController.h; sourceTree = "<group>"; };
		AA74EF841895A03F00394B0D /* SCSearchViewController.m */ = {isa = PBXFileReference; fileEncoding = 4; lastKnownFileType = sourcecode.c.objc; path = SCSearchViewController.m; sourceTree = "<group>"; };
		AA87037418626EB00062A25C /* Queue.app */ = {isa = PBXFileReference; explicitFileType = wrapper.application; includeInIndex = 0; path = Queue.app; sourceTree = BUILT_PRODUCTS_DIR; };
		AA87037718626EB00062A25C /* Foundation.framework */ = {isa = PBXFileReference; lastKnownFileType = wrapper.framework; name = Foundation.framework; path = System/Library/Frameworks/Foundation.framework; sourceTree = SDKROOT; };
		AA87037918626EB00062A25C /* CoreGraphics.framework */ = {isa = PBXFileReference; lastKnownFileType = wrapper.framework; name = CoreGraphics.framework; path = System/Library/Frameworks/CoreGraphics.framework; sourceTree = SDKROOT; };
		AA87037B18626EB00062A25C /* UIKit.framework */ = {isa = PBXFileReference; lastKnownFileType = wrapper.framework; name = UIKit.framework; path = System/Library/Frameworks/UIKit.framework; sourceTree = SDKROOT; };
		AA87037F18626EB00062A25C /* Queue-Info.plist */ = {isa = PBXFileReference; lastKnownFileType = text.plist.xml; path = "Queue-Info.plist"; sourceTree = "<group>"; };
		AA87038118626EB00062A25C /* en */ = {isa = PBXFileReference; lastKnownFileType = text.plist.strings; name = en; path = en.lproj/InfoPlist.strings; sourceTree = "<group>"; };
		AA87038318626EB00062A25C /* main.m */ = {isa = PBXFileReference; lastKnownFileType = sourcecode.c.objc; path = main.m; sourceTree = "<group>"; };
		AA87038518626EB00062A25C /* Queue-Prefix.pch */ = {isa = PBXFileReference; lastKnownFileType = sourcecode.c.h; path = "Queue-Prefix.pch"; sourceTree = "<group>"; };
		AA87038618626EB00062A25C /* QueueAppDelegate.h */ = {isa = PBXFileReference; lastKnownFileType = sourcecode.c.h; path = QueueAppDelegate.h; sourceTree = "<group>"; };
		AA87038718626EB00062A25C /* QueueAppDelegate.m */ = {isa = PBXFileReference; lastKnownFileType = sourcecode.c.objc; path = QueueAppDelegate.m; sourceTree = "<group>"; };
		AA87038C18626EB00062A25C /* QueueViewController.h */ = {isa = PBXFileReference; lastKnownFileType = sourcecode.c.h; path = QueueViewController.h; sourceTree = "<group>"; };
		AA87038D18626EB00062A25C /* QueueViewController.m */ = {isa = PBXFileReference; lastKnownFileType = sourcecode.c.objc; path = QueueViewController.m; sourceTree = "<group>"; };
		AA87038F18626EB00062A25C /* Images.xcassets */ = {isa = PBXFileReference; lastKnownFileType = folder.assetcatalog; path = Images.xcassets; sourceTree = "<group>"; };
		AA87039518626EB10062A25C /* QueueTests.xctest */ = {isa = PBXFileReference; explicitFileType = wrapper.cfbundle; includeInIndex = 0; path = QueueTests.xctest; sourceTree = BUILT_PRODUCTS_DIR; };
		AA87039618626EB10062A25C /* XCTest.framework */ = {isa = PBXFileReference; lastKnownFileType = wrapper.framework; name = XCTest.framework; path = Library/Frameworks/XCTest.framework; sourceTree = DEVELOPER_DIR; };
		AA87039E18626EB10062A25C /* QueueTests-Info.plist */ = {isa = PBXFileReference; lastKnownFileType = text.plist.xml; path = "QueueTests-Info.plist"; sourceTree = "<group>"; };
		AA8703A018626EB10062A25C /* en */ = {isa = PBXFileReference; lastKnownFileType = text.plist.strings; name = en; path = en.lproj/InfoPlist.strings; sourceTree = "<group>"; };
		AA8703A218626EB10062A25C /* QueueTests.m */ = {isa = PBXFileReference; lastKnownFileType = sourcecode.c.objc; path = QueueTests.m; sourceTree = "<group>"; };
		AA8703B21862756E0062A25C /* pause_button.png */ = {isa = PBXFileReference; lastKnownFileType = image.png; path = pause_button.png; sourceTree = "<group>"; };
		AA8703B31862756E0062A25C /* pause_button@2x.png */ = {isa = PBXFileReference; lastKnownFileType = image.png; path = "pause_button@2x.png"; sourceTree = "<group>"; };
		AA8703B41862756E0062A25C /* play_button.png */ = {isa = PBXFileReference; lastKnownFileType = image.png; path = play_button.png; sourceTree = "<group>"; };
		AA8703B51862756E0062A25C /* play_button@2x.png */ = {isa = PBXFileReference; lastKnownFileType = image.png; path = "play_button@2x.png"; sourceTree = "<group>"; };
		AA8703BA18627A550062A25C /* MediaPlayer.framework */ = {isa = PBXFileReference; lastKnownFileType = wrapper.framework; name = MediaPlayer.framework; path = System/Library/Frameworks/MediaPlayer.framework; sourceTree = SDKROOT; };
		AA8703BF186282400062A25C /* AudioToolbox.framework */ = {isa = PBXFileReference; lastKnownFileType = wrapper.framework; name = AudioToolbox.framework; path = System/Library/Frameworks/AudioToolbox.framework; sourceTree = SDKROOT; };
		AA8703C1186282460062A25C /* AVFoundation.framework */ = {isa = PBXFileReference; lastKnownFileType = wrapper.framework; name = AVFoundation.framework; path = System/Library/Frameworks/AVFoundation.framework; sourceTree = SDKROOT; };
		AA8703C31862A6BE0062A25C /* QueueTableViewController.h */ = {isa = PBXFileReference; fileEncoding = 4; lastKnownFileType = sourcecode.c.h; path = QueueTableViewController.h; sourceTree = "<group>"; };
		AA8703C41862A6BE0062A25C /* QueueTableViewController.m */ = {isa = PBXFileReference; fileEncoding = 4; lastKnownFileType = sourcecode.c.objc; path = QueueTableViewController.m; sourceTree = "<group>"; };
		AA8703CC1862D1200062A25C /* background.jpg */ = {isa = PBXFileReference; lastKnownFileType = image.jpeg; path = background.jpg; sourceTree = "<group>"; };
		AAA82243187881B400F55CE3 /* FXBlurView.h */ = {isa = PBXFileReference; fileEncoding = 4; lastKnownFileType = sourcecode.c.h; path = FXBlurView.h; sourceTree = "<group>"; };
		AAA82244187881B400F55CE3 /* FXBlurView.m */ = {isa = PBXFileReference; fileEncoding = 4; lastKnownFileType = sourcecode.c.objc; path = FXBlurView.m; sourceTree = "<group>"; };
		AAA822461878893F00F55CE3 /* Accelerate.framework */ = {isa = PBXFileReference; lastKnownFileType = wrapper.framework; name = Accelerate.framework; path = System/Library/Frameworks/Accelerate.framework; sourceTree = SDKROOT; };
		AAA8224C187F5EC200F55CE3 /* CurrentPlaylist.plist */ = {isa = PBXFileReference; fileEncoding = 4; lastKnownFileType = text.plist.xml; path = CurrentPlaylist.plist; sourceTree = "<group>"; };
		AAA8225D187FD3AC00F55CE3 /* Main.storyboard */ = {isa = PBXFileReference; fileEncoding = 4; lastKnownFileType = file.storyboard; path = Main.storyboard; sourceTree = "<group>"; };
		AAA8225F187FDB1900F55CE3 /* UIViewController+JASidePanel.h */ = {isa = PBXFileReference; fileEncoding = 4; lastKnownFileType = sourcecode.c.h; path = "UIViewController+JASidePanel.h"; sourceTree = "<group>"; };
		AAA82260187FDB1900F55CE3 /* UIViewController+JASidePanel.m */ = {isa = PBXFileReference; fileEncoding = 4; lastKnownFileType = sourcecode.c.objc; path = "UIViewController+JASidePanel.m"; sourceTree = "<group>"; };
		AAA82262187FDB3200F55CE3 /* JASidePanelController.h */ = {isa = PBXFileReference; fileEncoding = 4; lastKnownFileType = sourcecode.c.h; path = JASidePanelController.h; sourceTree = "<group>"; };
		AAA82263187FDB3200F55CE3 /* JASidePanelController.m */ = {isa = PBXFileReference; fileEncoding = 4; lastKnownFileType = sourcecode.c.objc; path = JASidePanelController.m; sourceTree = "<group>"; };
		AAA82265187FE61500F55CE3 /* LeftPanelViewController.h */ = {isa = PBXFileReference; fileEncoding = 4; lastKnownFileType = sourcecode.c.h; path = LeftPanelViewController.h; sourceTree = "<group>"; };
		AAA82266187FE61500F55CE3 /* LeftPanelViewController.m */ = {isa = PBXFileReference; fileEncoding = 4; lastKnownFileType = sourcecode.c.objc; path = LeftPanelViewController.m; sourceTree = "<group>"; };
		AAA8228D188F55A900F55CE3 /* AddressBook.framework */ = {isa = PBXFileReference; lastKnownFileType = wrapper.framework; name = AddressBook.framework; path = System/Library/Frameworks/AddressBook.framework; sourceTree = SDKROOT; };
		AAA8228E188F55A900F55CE3 /* AddressBookUI.framework */ = {isa = PBXFileReference; lastKnownFileType = wrapper.framework; name = AddressBookUI.framework; path = System/Library/Frameworks/AddressBookUI.framework; sourceTree = SDKROOT; };
		AAA8228F188F55A900F55CE3 /* CoreLocation.framework */ = {isa = PBXFileReference; lastKnownFileType = wrapper.framework; name = CoreLocation.framework; path = System/Library/Frameworks/CoreLocation.framework; sourceTree = SDKROOT; };
		AAA82290188F55A900F55CE3 /* CoreText.framework */ = {isa = PBXFileReference; lastKnownFileType = wrapper.framework; name = CoreText.framework; path = System/Library/Frameworks/CoreText.framework; sourceTree = SDKROOT; };
		AAA82291188F55A900F55CE3 /* QuartzCore.framework */ = {isa = PBXFileReference; lastKnownFileType = wrapper.framework; name = QuartzCore.framework; path = System/Library/Frameworks/QuartzCore.framework; sourceTree = SDKROOT; };
		AABFC8041863165500AF22B4 /* no_artwork.png */ = {isa = PBXFileReference; lastKnownFileType = image.png; path = no_artwork.png; sourceTree = "<group>"; };
		AAE8957A1867BBD700E55A95 /* CoreBluetooth.framework */ = {isa = PBXFileReference; lastKnownFileType = wrapper.framework; name = CoreBluetooth.framework; path = System/Library/Frameworks/CoreBluetooth.framework; sourceTree = SDKROOT; };
		E13823AB0F8A4ABF8629F01E /* Pods.xcconfig */ = {isa = PBXFileReference; includeInIndex = 1; lastKnownFileType = text.xcconfig; name = Pods.xcconfig; path = Pods/Pods.xcconfig; sourceTree = "<group>"; };
		EF7BCCDD25FD4ED981EC3AA2 /* libPods.a */ = {isa = PBXFileReference; explicitFileType = archive.ar; includeInIndex = 0; path = libPods.a; sourceTree = BUILT_PRODUCTS_DIR; };
/* End PBXFileReference section */

/* Begin PBXFrameworksBuildPhase section */
		AA87037118626EB00062A25C /* Frameworks */ = {
			isa = PBXFrameworksBuildPhase;
			buildActionMask = 2147483647;
			files = (
				AAA82292188F55A900F55CE3 /* AddressBook.framework in Frameworks */,
				AAA82293188F55A900F55CE3 /* AddressBookUI.framework in Frameworks */,
				AAA82294188F55A900F55CE3 /* CoreLocation.framework in Frameworks */,
				AAA82295188F55A900F55CE3 /* CoreText.framework in Frameworks */,
				AAA82296188F55A900F55CE3 /* QuartzCore.framework in Frameworks */,
				AA87037A18626EB00062A25C /* CoreGraphics.framework in Frameworks */,
				AAA822471878893F00F55CE3 /* Accelerate.framework in Frameworks */,
				AA45FEE3187796190094F0EC /* MultipeerConnectivity.framework in Frameworks */,
				AA8703C2186282460062A25C /* AVFoundation.framework in Frameworks */,
				AA8703C0186282400062A25C /* AudioToolbox.framework in Frameworks */,
				AA8703BB18627A550062A25C /* MediaPlayer.framework in Frameworks */,
				AA87037C18626EB00062A25C /* UIKit.framework in Frameworks */,
				AA87037818626EB00062A25C /* Foundation.framework in Frameworks */,
				380492D29CC04CB28601D248 /* libPods.a in Frameworks */,
			);
			runOnlyForDeploymentPostprocessing = 0;
		};
		AA87039218626EB10062A25C /* Frameworks */ = {
			isa = PBXFrameworksBuildPhase;
			buildActionMask = 2147483647;
			files = (
				AA87039718626EB10062A25C /* XCTest.framework in Frameworks */,
				AA87039918626EB10062A25C /* UIKit.framework in Frameworks */,
				AA87039818626EB10062A25C /* Foundation.framework in Frameworks */,
			);
			runOnlyForDeploymentPostprocessing = 0;
		};
/* End PBXFrameworksBuildPhase section */

/* Begin PBXGroup section */
		AA65F8081895FEFD00B08CF0 /* Sources */ = {
			isa = PBXGroup;
			children = (
				AA74EF7F18959E2500394B0D /* SoundCloudView */,
				AA65F8091895FF2400B08CF0 /* MediaSourceViewController.h */,
				AA65F80A1895FF2400B08CF0 /* MediaSourceViewController.m */,
			);
			name = Sources;
			sourceTree = "<group>";
		};
		AA74EF7F18959E2500394B0D /* SoundCloudView */ = {
			isa = PBXGroup;
			children = (
				AA74EF8018959E4E00394B0D /* SCYouViewController.h */,
				AA74EF8118959E4E00394B0D /* SCYouViewController.m */,
				AA74EF831895A03F00394B0D /* SCSearchViewController.h */,
				AA74EF841895A03F00394B0D /* SCSearchViewController.m */,
			);
			name = SoundCloudView;
			sourceTree = "<group>";
		};
		AA87036B18626EB00062A25C = {
			isa = PBXGroup;
			children = (
				AA87037D18626EB00062A25C /* Queue */,
				AA87039C18626EB10062A25C /* QueueTests */,
				AA87037618626EB00062A25C /* Frameworks */,
				AA87037518626EB00062A25C /* Products */,
				E13823AB0F8A4ABF8629F01E /* Pods.xcconfig */,
			);
			sourceTree = "<group>";
		};
		AA87037518626EB00062A25C /* Products */ = {
			isa = PBXGroup;
			children = (
				AA87037418626EB00062A25C /* Queue.app */,
				AA87039518626EB10062A25C /* QueueTests.xctest */,
			);
			name = Products;
			sourceTree = "<group>";
		};
		AA87037618626EB00062A25C /* Frameworks */ = {
			isa = PBXGroup;
			children = (
				AAA8228D188F55A900F55CE3 /* AddressBook.framework */,
				AAA8228E188F55A900F55CE3 /* AddressBookUI.framework */,
				AAA8228F188F55A900F55CE3 /* CoreLocation.framework */,
				AAA82290188F55A900F55CE3 /* CoreText.framework */,
				AAA82291188F55A900F55CE3 /* QuartzCore.framework */,
				AAA822461878893F00F55CE3 /* Accelerate.framework */,
				AA45FEE2187796190094F0EC /* MultipeerConnectivity.framework */,
				AAE8957A1867BBD700E55A95 /* CoreBluetooth.framework */,
				AA8703C1186282460062A25C /* AVFoundation.framework */,
				AA8703BF186282400062A25C /* AudioToolbox.framework */,
				AA8703BA18627A550062A25C /* MediaPlayer.framework */,
				AA87037718626EB00062A25C /* Foundation.framework */,
				AA87037918626EB00062A25C /* CoreGraphics.framework */,
				AA87037B18626EB00062A25C /* UIKit.framework */,
				AA87039618626EB10062A25C /* XCTest.framework */,
				EF7BCCDD25FD4ED981EC3AA2 /* libPods.a */,
			);
			name = Frameworks;
			sourceTree = "<group>";
		};
		AA87037D18626EB00062A25C /* Queue */ = {
			isa = PBXGroup;
			children = (
				AA65F8081895FEFD00B08CF0 /* Sources */,
				AAA8226818806BAE00F55CE3 /* iPad */,
				AAA82262187FDB3200F55CE3 /* JASidePanelController.h */,
				AAA82263187FDB3200F55CE3 /* JASidePanelController.m */,
				AAA8225F187FDB1900F55CE3 /* UIViewController+JASidePanel.h */,
				AAA82260187FDB1900F55CE3 /* UIViewController+JASidePanel.m */,
				AA45FEE918779C6B0094F0EC /* BTLEViewController.h */,
				AA45FEE718779C2E0094F0EC /* BTLEViewController.m */,
				AAA8225D187FD3AC00F55CE3 /* Main.storyboard */,
				AA87038618626EB00062A25C /* QueueAppDelegate.h */,
				AA87038718626EB00062A25C /* QueueAppDelegate.m */,
				AAA82265187FE61500F55CE3 /* LeftPanelViewController.h */,
				AAA82266187FE61500F55CE3 /* LeftPanelViewController.m */,
				AAA82243187881B400F55CE3 /* FXBlurView.h */,
				AAA82244187881B400F55CE3 /* FXBlurView.m */,
				AA87038C18626EB00062A25C /* QueueViewController.h */,
				AA87038D18626EB00062A25C /* QueueViewController.m */,
				AA8703C31862A6BE0062A25C /* QueueTableViewController.h */,
				AA8703C41862A6BE0062A25C /* QueueTableViewController.m */,
				AA45FE931871FC700094F0EC /* LibraryViewController.h */,
				AA45FE941871FC700094F0EC /* LibraryViewController.m */,
				AA87038F18626EB00062A25C /* Images.xcassets */,
				AA87037E18626EB00062A25C /* Supporting Files */,
				AA595CA2186D3E0B00426227 /* SongStruct.h */,
				AA595CA3186D3E0B00426227 /* SongStruct.m */,
			);
			path = Queue;
			sourceTree = "<group>";
		};
		AA87037E18626EB00062A25C /* Supporting Files */ = {
			isa = PBXGroup;
			children = (
				AAA8224C187F5EC200F55CE3 /* CurrentPlaylist.plist */,
				AA595CAA186DAE4700426227 /* Mobile_Signal.png */,
				AABFC8041863165500AF22B4 /* no_artwork.png */,
				AA8703CC1862D1200062A25C /* background.jpg */,
				AA8703B21862756E0062A25C /* pause_button.png */,
				AA8703B31862756E0062A25C /* pause_button@2x.png */,
				AA8703B41862756E0062A25C /* play_button.png */,
				AA8703B51862756E0062A25C /* play_button@2x.png */,
				AA87037F18626EB00062A25C /* Queue-Info.plist */,
				AA87038018626EB00062A25C /* InfoPlist.strings */,
				AA87038318626EB00062A25C /* main.m */,
				AA87038518626EB00062A25C /* Queue-Prefix.pch */,
			);
			name = "Supporting Files";
			sourceTree = "<group>";
		};
		AA87039C18626EB10062A25C /* QueueTests */ = {
			isa = PBXGroup;
			children = (
				AA8703A218626EB10062A25C /* QueueTests.m */,
				AA87039D18626EB10062A25C /* Supporting Files */,
			);
			path = QueueTests;
			sourceTree = "<group>";
		};
		AA87039D18626EB10062A25C /* Supporting Files */ = {
			isa = PBXGroup;
			children = (
				AA87039E18626EB10062A25C /* QueueTests-Info.plist */,
				AA87039F18626EB10062A25C /* InfoPlist.strings */,
			);
			name = "Supporting Files";
			sourceTree = "<group>";
		};
		AAA8226818806BAE00F55CE3 /* iPad */ = {
			isa = PBXGroup;
			children = (
			);
			name = iPad;
			sourceTree = "<group>";
		};
/* End PBXGroup section */

/* Begin PBXNativeTarget section */
		AA87037318626EB00062A25C /* Queue */ = {
			isa = PBXNativeTarget;
			buildConfigurationList = AA8703A618626EB10062A25C /* Build configuration list for PBXNativeTarget "Queue" */;
			buildPhases = (
				E48E1019790E4815B082996B /* Check Pods Manifest.lock */,
				AA87037018626EB00062A25C /* Sources */,
				AA87037118626EB00062A25C /* Frameworks */,
				AA87037218626EB00062A25C /* Resources */,
				546009C2AF024F65AA7FC73F /* Copy Pods Resources */,
			);
			buildRules = (
			);
			dependencies = (
			);
			name = Queue;
			productName = Queue;
			productReference = AA87037418626EB00062A25C /* Queue.app */;
			productType = "com.apple.product-type.application";
		};
		AA87039418626EB10062A25C /* QueueTests */ = {
			isa = PBXNativeTarget;
			buildConfigurationList = AA8703A918626EB10062A25C /* Build configuration list for PBXNativeTarget "QueueTests" */;
			buildPhases = (
				AA87039118626EB10062A25C /* Sources */,
				AA87039218626EB10062A25C /* Frameworks */,
				AA87039318626EB10062A25C /* Resources */,
			);
			buildRules = (
			);
			dependencies = (
				AA87039B18626EB10062A25C /* PBXTargetDependency */,
			);
			name = QueueTests;
			productName = QueueTests;
			productReference = AA87039518626EB10062A25C /* QueueTests.xctest */;
			productType = "com.apple.product-type.bundle.unit-test";
		};
/* End PBXNativeTarget section */

/* Begin PBXProject section */
		AA87036C18626EB00062A25C /* Project object */ = {
			isa = PBXProject;
			attributes = {
				CLASSPREFIX = Queue;
				LastUpgradeCheck = 0500;
				ORGANIZATIONNAME = Ethan;
				TargetAttributes = {
					AA87037318626EB00062A25C = {
						DevelopmentTeam = FJ9NM7ENY8;
						SystemCapabilities = {
							com.apple.BackgroundModes = {
								enabled = 1;
							};
						};
					};
					AA87039418626EB10062A25C = {
						TestTargetID = AA87037318626EB00062A25C;
					};
				};
			};
			buildConfigurationList = AA87036F18626EB00062A25C /* Build configuration list for PBXProject "Queue" */;
			compatibilityVersion = "Xcode 3.2";
			developmentRegion = English;
			hasScannedForEncodings = 0;
			knownRegions = (
				en,
				Base,
			);
			mainGroup = AA87036B18626EB00062A25C;
			productRefGroup = AA87037518626EB00062A25C /* Products */;
			projectDirPath = "";
			projectRoot = "";
			targets = (
				AA87037318626EB00062A25C /* Queue */,
				AA87039418626EB10062A25C /* QueueTests */,
			);
		};
/* End PBXProject section */

/* Begin PBXResourcesBuildPhase section */
		AA87037218626EB00062A25C /* Resources */ = {
			isa = PBXResourcesBuildPhase;
			buildActionMask = 2147483647;
			files = (
				AA8703B61862756E0062A25C /* pause_button.png in Resources */,
				AA8703B81862756E0062A25C /* play_button.png in Resources */,
				AA8703B71862756E0062A25C /* pause_button@2x.png in Resources */,
				AABFC8051863165500AF22B4 /* no_artwork.png in Resources */,
				AA8703B91862756E0062A25C /* play_button@2x.png in Resources */,
				AAA8225E187FD3AC00F55CE3 /* Main.storyboard in Resources */,
				AA87039018626EB00062A25C /* Images.xcassets in Resources */,
				AA595CAB186DAE4700426227 /* Mobile_Signal.png in Resources */,
				AA8703CD1862D1200062A25C /* background.jpg in Resources */,
				AA87038218626EB00062A25C /* InfoPlist.strings in Resources */,
				AAA8224D187F5EC200F55CE3 /* CurrentPlaylist.plist in Resources */,
			);
			runOnlyForDeploymentPostprocessing = 0;
		};
		AA87039318626EB10062A25C /* Resources */ = {
			isa = PBXResourcesBuildPhase;
			buildActionMask = 2147483647;
			files = (
				AA8703A118626EB10062A25C /* InfoPlist.strings in Resources */,
			);
			runOnlyForDeploymentPostprocessing = 0;
		};
/* End PBXResourcesBuildPhase section */

/* Begin PBXShellScriptBuildPhase section */
		546009C2AF024F65AA7FC73F /* Copy Pods Resources */ = {
			isa = PBXShellScriptBuildPhase;
			buildActionMask = 2147483647;
			files = (
			);
			inputPaths = (
			);
			name = "Copy Pods Resources";
			outputPaths = (
			);
			runOnlyForDeploymentPostprocessing = 0;
			shellPath = /bin/sh;
			shellScript = "\"${SRCROOT}/Pods/Pods-resources.sh\"\n";
			showEnvVarsInLog = 0;
		};
		E48E1019790E4815B082996B /* Check Pods Manifest.lock */ = {
			isa = PBXShellScriptBuildPhase;
			buildActionMask = 2147483647;
			files = (
			);
			inputPaths = (
			);
			name = "Check Pods Manifest.lock";
			outputPaths = (
			);
			runOnlyForDeploymentPostprocessing = 0;
			shellPath = /bin/sh;
			shellScript = "diff \"${PODS_ROOT}/../Podfile.lock\" \"${PODS_ROOT}/Manifest.lock\" > /dev/null\nif [[ $? != 0 ]] ; then\n    cat << EOM\nerror: The sandbox is not in sync with the Podfile.lock. Run 'pod install' or update your CocoaPods installation.\nEOM\n    exit 1\nfi\n";
			showEnvVarsInLog = 0;
		};
/* End PBXShellScriptBuildPhase section */

/* Begin PBXSourcesBuildPhase section */
		AA87037018626EB00062A25C /* Sources */ = {
			isa = PBXSourcesBuildPhase;
			buildActionMask = 2147483647;
			files = (
				AA65F80B1895FF2400B08CF0 /* MediaSourceViewController.m in Sources */,
				AA87038E18626EB00062A25C /* QueueViewController.m in Sources */,
				AA45FE951871FC700094F0EC /* LibraryViewController.m in Sources */,
				AA595CA4186D3E0B00426227 /* SongStruct.m in Sources */,
				AA8703C51862A6BE0062A25C /* QueueTableViewController.m in Sources */,
				AAA82264187FDB3200F55CE3 /* JASidePanelController.m in Sources */,
				AAA82261187FDB1900F55CE3 /* UIViewController+JASidePanel.m in Sources */,
				AA45FEE818779C2E0094F0EC /* BTLEViewController.m in Sources */,
				AAA82267187FE61500F55CE3 /* LeftPanelViewController.m in Sources */,
				AA74EF851895A03F00394B0D /* SCSearchViewController.m in Sources */,
				AAA82245187881B400F55CE3 /* FXBlurView.m in Sources */,
				AA87038818626EB00062A25C /* QueueAppDelegate.m in Sources */,
				AA74EF8218959E4E00394B0D /* SCYouViewController.m in Sources */,
				AA87038418626EB00062A25C /* main.m in Sources */,
			);
			runOnlyForDeploymentPostprocessing = 0;
		};
		AA87039118626EB10062A25C /* Sources */ = {
			isa = PBXSourcesBuildPhase;
			buildActionMask = 2147483647;
			files = (
				AA8703A318626EB10062A25C /* QueueTests.m in Sources */,
			);
			runOnlyForDeploymentPostprocessing = 0;
		};
/* End PBXSourcesBuildPhase section */

/* Begin PBXTargetDependency section */
		AA87039B18626EB10062A25C /* PBXTargetDependency */ = {
			isa = PBXTargetDependency;
			target = AA87037318626EB00062A25C /* Queue */;
			targetProxy = AA87039A18626EB10062A25C /* PBXContainerItemProxy */;
		};
/* End PBXTargetDependency section */

/* Begin PBXVariantGroup section */
		AA87038018626EB00062A25C /* InfoPlist.strings */ = {
			isa = PBXVariantGroup;
			children = (
				AA87038118626EB00062A25C /* en */,
			);
			name = InfoPlist.strings;
			sourceTree = "<group>";
		};
		AA87039F18626EB10062A25C /* InfoPlist.strings */ = {
			isa = PBXVariantGroup;
			children = (
				AA8703A018626EB10062A25C /* en */,
			);
			name = InfoPlist.strings;
			sourceTree = "<group>";
		};
/* End PBXVariantGroup section */

/* Begin XCBuildConfiguration section */
		AA8703A418626EB10062A25C /* Debug */ = {
			isa = XCBuildConfiguration;
			buildSettings = {
				ALWAYS_SEARCH_USER_PATHS = NO;
				ARCHS = "$(ARCHS_STANDARD_INCLUDING_64_BIT)";
				CLANG_CXX_LANGUAGE_STANDARD = "gnu++0x";
				CLANG_CXX_LIBRARY = "libc++";
				CLANG_ENABLE_MODULES = YES;
				CLANG_ENABLE_OBJC_ARC = YES;
				CLANG_WARN_BOOL_CONVERSION = YES;
				CLANG_WARN_CONSTANT_CONVERSION = YES;
				CLANG_WARN_DIRECT_OBJC_ISA_USAGE = YES_ERROR;
				CLANG_WARN_EMPTY_BODY = YES;
				CLANG_WARN_ENUM_CONVERSION = YES;
				CLANG_WARN_INT_CONVERSION = YES;
				CLANG_WARN_OBJC_ROOT_CLASS = YES_ERROR;
				CLANG_WARN__DUPLICATE_METHOD_MATCH = YES;
				"CODE_SIGN_IDENTITY[sdk=iphoneos*]" = "iPhone Developer";
				COPY_PHASE_STRIP = NO;
				GCC_C_LANGUAGE_STANDARD = gnu99;
				GCC_DYNAMIC_NO_PIC = NO;
				GCC_OPTIMIZATION_LEVEL = 0;
				GCC_PREPROCESSOR_DEFINITIONS = (
					"DEBUG=1",
					"$(inherited)",
				);
				GCC_SYMBOLS_PRIVATE_EXTERN = NO;
				GCC_WARN_64_TO_32_BIT_CONVERSION = YES;
				GCC_WARN_ABOUT_RETURN_TYPE = YES_ERROR;
				GCC_WARN_UNDECLARED_SELECTOR = YES;
				GCC_WARN_UNINITIALIZED_AUTOS = YES;
				GCC_WARN_UNUSED_FUNCTION = YES;
				GCC_WARN_UNUSED_VARIABLE = YES;
				IPHONEOS_DEPLOYMENT_TARGET = 7.0;
				ONLY_ACTIVE_ARCH = YES;
				SDKROOT = iphoneos;
			};
			name = Debug;
		};
		AA8703A518626EB10062A25C /* Release */ = {
			isa = XCBuildConfiguration;
			buildSettings = {
				ALWAYS_SEARCH_USER_PATHS = NO;
				ARCHS = "$(ARCHS_STANDARD_INCLUDING_64_BIT)";
				CLANG_CXX_LANGUAGE_STANDARD = "gnu++0x";
				CLANG_CXX_LIBRARY = "libc++";
				CLANG_ENABLE_MODULES = YES;
				CLANG_ENABLE_OBJC_ARC = YES;
				CLANG_WARN_BOOL_CONVERSION = YES;
				CLANG_WARN_CONSTANT_CONVERSION = YES;
				CLANG_WARN_DIRECT_OBJC_ISA_USAGE = YES_ERROR;
				CLANG_WARN_EMPTY_BODY = YES;
				CLANG_WARN_ENUM_CONVERSION = YES;
				CLANG_WARN_INT_CONVERSION = YES;
				CLANG_WARN_OBJC_ROOT_CLASS = YES_ERROR;
				CLANG_WARN__DUPLICATE_METHOD_MATCH = YES;
				"CODE_SIGN_IDENTITY[sdk=iphoneos*]" = "iPhone Developer";
				COPY_PHASE_STRIP = YES;
				ENABLE_NS_ASSERTIONS = NO;
				GCC_C_LANGUAGE_STANDARD = gnu99;
				GCC_WARN_64_TO_32_BIT_CONVERSION = YES;
				GCC_WARN_ABOUT_RETURN_TYPE = YES_ERROR;
				GCC_WARN_UNDECLARED_SELECTOR = YES;
				GCC_WARN_UNINITIALIZED_AUTOS = YES;
				GCC_WARN_UNUSED_FUNCTION = YES;
				GCC_WARN_UNUSED_VARIABLE = YES;
				IPHONEOS_DEPLOYMENT_TARGET = 7.0;
				SDKROOT = iphoneos;
				VALIDATE_PRODUCT = YES;
			};
			name = Release;
		};
		AA8703A718626EB10062A25C /* Debug */ = {
			isa = XCBuildConfiguration;
			baseConfigurationReference = E13823AB0F8A4ABF8629F01E /* Pods.xcconfig */;
			buildSettings = {
				ASSETCATALOG_COMPILER_APPICON_NAME = AppIcon;
				ASSETCATALOG_COMPILER_LAUNCHIMAGE_NAME = LaunchImage;
				CODE_SIGN_IDENTITY = "iPhone Developer";
				"CODE_SIGN_IDENTITY[sdk=iphoneos*]" = "iPhone Developer";
				GCC_PRECOMPILE_PREFIX_HEADER = YES;
				GCC_PREFIX_HEADER = "Queue/Queue-Prefix.pch";
				INFOPLIST_FILE = "Queue/Queue-Info.plist";
				IPHONEOS_DEPLOYMENT_TARGET = 7.0;
				PRODUCT_NAME = "$(TARGET_NAME)";
				PROVISIONING_PROFILE = "";
				TARGETED_DEVICE_FAMILY = "1,2";
				WRAPPER_EXTENSION = app;
			};
			name = Debug;
		};
		AA8703A818626EB10062A25C /* Release */ = {
			isa = XCBuildConfiguration;
			baseConfigurationReference = E13823AB0F8A4ABF8629F01E /* Pods.xcconfig */;
			buildSettings = {
				ASSETCATALOG_COMPILER_APPICON_NAME = AppIcon;
				ASSETCATALOG_COMPILER_LAUNCHIMAGE_NAME = LaunchImage;
				CODE_SIGN_IDENTITY = "iPhone Developer";
				"CODE_SIGN_IDENTITY[sdk=iphoneos*]" = "iPhone Developer";
				GCC_PRECOMPILE_PREFIX_HEADER = YES;
				GCC_PREFIX_HEADER = "Queue/Queue-Prefix.pch";
				INFOPLIST_FILE = "Queue/Queue-Info.plist";
				IPHONEOS_DEPLOYMENT_TARGET = 7.0;
				PRODUCT_NAME = "$(TARGET_NAME)";
				PROVISIONING_PROFILE = "";
				TARGETED_DEVICE_FAMILY = "1,2";
				WRAPPER_EXTENSION = app;
			};
			name = Release;
		};
		AA8703AA18626EB10062A25C /* Debug */ = {
			isa = XCBuildConfiguration;
			buildSettings = {
				ARCHS = "$(ARCHS_STANDARD_INCLUDING_64_BIT)";
				BUNDLE_LOADER = "$(BUILT_PRODUCTS_DIR)/Queue.app/Queue";
				FRAMEWORK_SEARCH_PATHS = (
					"$(SDKROOT)/Developer/Library/Frameworks",
					"$(inherited)",
					"$(DEVELOPER_FRAMEWORKS_DIR)",
				);
				GCC_PRECOMPILE_PREFIX_HEADER = YES;
				GCC_PREFIX_HEADER = "Queue/Queue-Prefix.pch";
				GCC_PREPROCESSOR_DEFINITIONS = (
					"DEBUG=1",
					"$(inherited)",
				);
				INFOPLIST_FILE = "QueueTests/QueueTests-Info.plist";
				PRODUCT_NAME = "$(TARGET_NAME)";
				TEST_HOST = "$(BUNDLE_LOADER)";
				WRAPPER_EXTENSION = xctest;
			};
			name = Debug;
		};
		AA8703AB18626EB10062A25C /* Release */ = {
			isa = XCBuildConfiguration;
			buildSettings = {
				ARCHS = "$(ARCHS_STANDARD_INCLUDING_64_BIT)";
				BUNDLE_LOADER = "$(BUILT_PRODUCTS_DIR)/Queue.app/Queue";
				FRAMEWORK_SEARCH_PATHS = (
					"$(SDKROOT)/Developer/Library/Frameworks",
					"$(inherited)",
					"$(DEVELOPER_FRAMEWORKS_DIR)",
				);
				GCC_PRECOMPILE_PREFIX_HEADER = YES;
				GCC_PREFIX_HEADER = "Queue/Queue-Prefix.pch";
				INFOPLIST_FILE = "QueueTests/QueueTests-Info.plist";
				PRODUCT_NAME = "$(TARGET_NAME)";
				TEST_HOST = "$(BUNDLE_LOADER)";
				WRAPPER_EXTENSION = xctest;
			};
			name = Release;
		};
/* End XCBuildConfiguration section */

/* Begin XCConfigurationList section */
		AA87036F18626EB00062A25C /* Build configuration list for PBXProject "Queue" */ = {
			isa = XCConfigurationList;
			buildConfigurations = (
				AA8703A418626EB10062A25C /* Debug */,
				AA8703A518626EB10062A25C /* Release */,
			);
			defaultConfigurationIsVisible = 0;
			defaultConfigurationName = Release;
		};
		AA8703A618626EB10062A25C /* Build configuration list for PBXNativeTarget "Queue" */ = {
			isa = XCConfigurationList;
			buildConfigurations = (
				AA8703A718626EB10062A25C /* Debug */,
				AA8703A818626EB10062A25C /* Release */,
			);
			defaultConfigurationIsVisible = 0;
			defaultConfigurationName = Release;
		};
		AA8703A918626EB10062A25C /* Build configuration list for PBXNativeTarget "QueueTests" */ = {
			isa = XCConfigurationList;
			buildConfigurations = (
				AA8703AA18626EB10062A25C /* Debug */,
				AA8703AB18626EB10062A25C /* Release */,
			);
			defaultConfigurationIsVisible = 0;
			defaultConfigurationName = Release;
		};
/* End XCConfigurationList section */
	};
	rootObject = AA87036C18626EB00062A25C /* Project object */;
}
