// !$*UTF8*$!
{
	archiveVersion = 1;
	classes = {
	};
	objectVersion = 46;
	objects = {

/* Begin PBXBuildFile section */
		AA595C9E186D287300426227 /* BTLEViewController.m in Sources */ = {isa = PBXBuildFile; fileRef = AA595C9D186D287300426227 /* BTLEViewController.m */; };
		AA595CA4186D3E0B00426227 /* SongStruct.m in Sources */ = {isa = PBXBuildFile; fileRef = AA595CA3186D3E0B00426227 /* SongStruct.m */; };
		AA595CAB186DAE4700426227 /* Mobile_Signal.png in Resources */ = {isa = PBXBuildFile; fileRef = AA595CAA186DAE4700426227 /* Mobile_Signal.png */; };
		AA87037818626EB00062A25C /* Foundation.framework in Frameworks */ = {isa = PBXBuildFile; fileRef = AA87037718626EB00062A25C /* Foundation.framework */; };
		AA87037A18626EB00062A25C /* CoreGraphics.framework in Frameworks */ = {isa = PBXBuildFile; fileRef = AA87037918626EB00062A25C /* CoreGraphics.framework */; };
		AA87037C18626EB00062A25C /* UIKit.framework in Frameworks */ = {isa = PBXBuildFile; fileRef = AA87037B18626EB00062A25C /* UIKit.framework */; };
		AA87038218626EB00062A25C /* InfoPlist.strings in Resources */ = {isa = PBXBuildFile; fileRef = AA87038018626EB00062A25C /* InfoPlist.strings */; };
		AA87038418626EB00062A25C /* main.m in Sources */ = {isa = PBXBuildFile; fileRef = AA87038318626EB00062A25C /* main.m */; };
		AA87038818626EB00062A25C /* QueueAppDelegate.m in Sources */ = {isa = PBXBuildFile; fileRef = AA87038718626EB00062A25C /* QueueAppDelegate.m */; };
		AA87038B18626EB00062A25C /* Main.storyboard in Resources */ = {isa = PBXBuildFile; fileRef = AA87038918626EB00062A25C /* Main.storyboard */; };
		AA87038E18626EB00062A25C /* QueueViewController.m in Sources */ = {isa = PBXBuildFile; fileRef = AA87038D18626EB00062A25C /* QueueViewController.m */; };
		AA87039018626EB00062A25C /* Images.xcassets in Resources */ = {isa = PBXBuildFile; fileRef = AA87038F18626EB00062A25C /* Images.xcassets */; };
		AA87039718626EB10062A25C /* XCTest.framework in Frameworks */ = {isa = PBXBuildFile; fileRef = AA87039618626EB10062A25C /* XCTest.framework */; };
		AA87039818626EB10062A25C /* Foundation.framework in Frameworks */ = {isa = PBXBuildFile; fileRef = AA87037718626EB00062A25C /* Foundation.framework */; };
		AA87039918626EB10062A25C /* UIKit.framework in Frameworks */ = {isa = PBXBuildFile; fileRef = AA87037B18626EB00062A25C /* UIKit.framework */; };
		AA8703A118626EB10062A25C /* InfoPlist.strings in Resources */ = {isa = PBXBuildFile; fileRef = AA87039F18626EB10062A25C /* InfoPlist.strings */; };
		AA8703A318626EB10062A25C /* QueueTests.m in Sources */ = {isa = PBXBuildFile; fileRef = AA8703A218626EB10062A25C /* QueueTests.m */; };
		AA8703B61862756E0062A25C /* pause_button.png in Resources */ = {isa = PBXBuildFile; fileRef = AA8703B21862756E0062A25C /* pause_button.png */; };
		AA8703B71862756E0062A25C /* pause_button@2x.png in Resources */ = {isa = PBXBuildFile; fileRef = AA8703B31862756E0062A25C /* pause_button@2x.png */; };
		AA8703B81862756E0062A25C /* play_button.png in Resources */ = {isa = PBXBuildFile; fileRef = AA8703B41862756E0062A25C /* play_button.png */; };
		AA8703B91862756E0062A25C /* play_button@2x.png in Resources */ = {isa = PBXBuildFile; fileRef = AA8703B51862756E0062A25C /* play_button@2x.png */; };
		AA8703BB18627A550062A25C /* MediaPlayer.framework in Frameworks */ = {isa = PBXBuildFile; fileRef = AA8703BA18627A550062A25C /* MediaPlayer.framework */; };
		AA8703C0186282400062A25C /* AudioToolbox.framework in Frameworks */ = {isa = PBXBuildFile; fileRef = AA8703BF186282400062A25C /* AudioToolbox.framework */; };
		AA8703C2186282460062A25C /* AVFoundation.framework in Frameworks */ = {isa = PBXBuildFile; fileRef = AA8703C1186282460062A25C /* AVFoundation.framework */; };
		AA8703C51862A6BE0062A25C /* QueueTableViewController.m in Sources */ = {isa = PBXBuildFile; fileRef = AA8703C41862A6BE0062A25C /* QueueTableViewController.m */; };
		AA8703CD1862D1200062A25C /* background.jpg in Resources */ = {isa = PBXBuildFile; fileRef = AA8703CC1862D1200062A25C /* background.jpg */; };
		AABFC8051863165500AF22B4 /* no_artwork.png in Resources */ = {isa = PBXBuildFile; fileRef = AABFC8041863165500AF22B4 /* no_artwork.png */; };
/* End PBXBuildFile section */

/* Begin PBXContainerItemProxy section */
		AA87039A18626EB10062A25C /* PBXContainerItemProxy */ = {
			isa = PBXContainerItemProxy;
			containerPortal = AA87036C18626EB00062A25C /* Project object */;
			proxyType = 1;
			remoteGlobalIDString = AA87037318626EB00062A25C;
			remoteInfo = Queue;
		};
/* End PBXContainerItemProxy section */

/* Begin PBXFileReference section */
		AA595C9C186D287300426227 /* BTLEViewController.h */ = {isa = PBXFileReference; fileEncoding = 4; lastKnownFileType = sourcecode.c.h; path = BTLEViewController.h; sourceTree = "<group>"; };
		AA595C9D186D287300426227 /* BTLEViewController.m */ = {isa = PBXFileReference; fileEncoding = 4; lastKnownFileType = sourcecode.c.objc; path = BTLEViewController.m; sourceTree = "<group>"; };
		AA595CA2186D3E0B00426227 /* SongStruct.h */ = {isa = PBXFileReference; fileEncoding = 4; lastKnownFileType = sourcecode.c.h; path = SongStruct.h; sourceTree = "<group>"; };
		AA595CA3186D3E0B00426227 /* SongStruct.m */ = {isa = PBXFileReference; fileEncoding = 4; lastKnownFileType = sourcecode.c.objc; path = SongStruct.m; sourceTree = "<group>"; };
		AA595CAA186DAE4700426227 /* Mobile_Signal.png */ = {isa = PBXFileReference; lastKnownFileType = image.png; path = Mobile_Signal.png; sourceTree = "<group>"; };
		AA87037418626EB00062A25C /* Queue.app */ = {isa = PBXFileReference; explicitFileType = wrapper.application; includeInIndex = 0; path = Queue.app; sourceTree = BUILT_PRODUCTS_DIR; };
		AA87037718626EB00062A25C /* Foundation.framework */ = {isa = PBXFileReference; lastKnownFileType = wrapper.framework; name = Foundation.framework; path = System/Library/Frameworks/Foundation.framework; sourceTree = SDKROOT; };
		AA87037918626EB00062A25C /* CoreGraphics.framework */ = {isa = PBXFileReference; lastKnownFileType = wrapper.framework; name = CoreGraphics.framework; path = System/Library/Frameworks/CoreGraphics.framework; sourceTree = SDKROOT; };
		AA87037B18626EB00062A25C /* UIKit.framework */ = {isa = PBXFileReference; lastKnownFileType = wrapper.framework; name = UIKit.framework; path = System/Library/Frameworks/UIKit.framework; sourceTree = SDKROOT; };
		AA87037F18626EB00062A25C /* Queue-Info.plist */ = {isa = PBXFileReference; lastKnownFileType = text.plist.xml; path = "Queue-Info.plist"; sourceTree = "<group>"; };
		AA87038118626EB00062A25C /* en */ = {isa = PBXFileReference; lastKnownFileType = text.plist.strings; name = en; path = en.lproj/InfoPlist.strings; sourceTree = "<group>"; };
		AA87038318626EB00062A25C /* main.m */ = {isa = PBXFileReference; lastKnownFileType = sourcecode.c.objc; path = main.m; sourceTree = "<group>"; };
		AA87038518626EB00062A25C /* Queue-Prefix.pch */ = {isa = PBXFileReference; lastKnownFileType = sourcecode.c.h; path = "Queue-Prefix.pch"; sourceTree = "<group>"; };
		AA87038618626EB00062A25C /* QueueAppDelegate.h */ = {isa = PBXFileReference; lastKnownFileType = sourcecode.c.h; path = QueueAppDelegate.h; sourceTree = "<group>"; };
		AA87038718626EB00062A25C /* QueueAppDelegate.m */ = {isa = PBXFileReference; lastKnownFileType = sourcecode.c.objc; path = QueueAppDelegate.m; sourceTree = "<group>"; };
		AA87038A18626EB00062A25C /* Base */ = {isa = PBXFileReference; lastKnownFileType = file.storyboard; name = Base; path = Base.lproj/Main.storyboard; sourceTree = "<group>"; };
		AA87038C18626EB00062A25C /* QueueViewController.h */ = {isa = PBXFileReference; lastKnownFileType = sourcecode.c.h; path = QueueViewController.h; sourceTree = "<group>"; };
		AA87038D18626EB00062A25C /* QueueViewController.m */ = {isa = PBXFileReference; lastKnownFileType = sourcecode.c.objc; path = QueueViewController.m; sourceTree = "<group>"; };
		AA87038F18626EB00062A25C /* Images.xcassets */ = {isa = PBXFileReference; lastKnownFileType = folder.assetcatalog; path = Images.xcassets; sourceTree = "<group>"; };
		AA87039518626EB10062A25C /* QueueTests.xctest */ = {isa = PBXFileReference; explicitFileType = wrapper.cfbundle; includeInIndex = 0; path = QueueTests.xctest; sourceTree = BUILT_PRODUCTS_DIR; };
		AA87039618626EB10062A25C /* XCTest.framework */ = {isa = PBXFileReference; lastKnownFileType = wrapper.framework; name = XCTest.framework; path = Library/Frameworks/XCTest.framework; sourceTree = DEVELOPER_DIR; };
		AA87039E18626EB10062A25C /* QueueTests-Info.plist */ = {isa = PBXFileReference; lastKnownFileType = text.plist.xml; path = "QueueTests-Info.plist"; sourceTree = "<group>"; };
		AA8703A018626EB10062A25C /* en */ = {isa = PBXFileReference; lastKnownFileType = text.plist.strings; name = en; path = en.lproj/InfoPlist.strings; sourceTree = "<group>"; };
		AA8703A218626EB10062A25C /* QueueTests.m */ = {isa = PBXFileReference; lastKnownFileType = sourcecode.c.objc; path = QueueTests.m; sourceTree = "<group>"; };
		AA8703B21862756E0062A25C /* pause_button.png */ = {isa = PBXFileReference; lastKnownFileType = image.png; path = pause_button.png; sourceTree = "<group>"; };
		AA8703B31862756E0062A25C /* pause_button@2x.png */ = {isa = PBXFileReference; lastKnownFileType = image.png; path = "pause_button@2x.png"; sourceTree = "<group>"; };
		AA8703B41862756E0062A25C /* play_button.png */ = {isa = PBXFileReference; lastKnownFileType = image.png; path = play_button.png; sourceTree = "<group>"; };
		AA8703B51862756E0062A25C /* play_button@2x.png */ = {isa = PBXFileReference; lastKnownFileType = image.png; path = "play_button@2x.png"; sourceTree = "<group>"; };
		AA8703BA18627A550062A25C /* MediaPlayer.framework */ = {isa = PBXFileReference; lastKnownFileType = wrapper.framework; name = MediaPlayer.framework; path = System/Library/Frameworks/MediaPlayer.framework; sourceTree = SDKROOT; };
		AA8703BF186282400062A25C /* AudioToolbox.framework */ = {isa = PBXFileReference; lastKnownFileType = wrapper.framework; name = AudioToolbox.framework; path = System/Library/Frameworks/AudioToolbox.framework; sourceTree = SDKROOT; };
		AA8703C1186282460062A25C /* AVFoundation.framework */ = {isa = PBXFileReference; lastKnownFileType = wrapper.framework; name = AVFoundation.framework; path = System/Library/Frameworks/AVFoundation.framework; sourceTree = SDKROOT; };
		AA8703C31862A6BE0062A25C /* QueueTableViewController.h */ = {isa = PBXFileReference; fileEncoding = 4; lastKnownFileType = sourcecode.c.h; path = QueueTableViewController.h; sourceTree = "<group>"; };
		AA8703C41862A6BE0062A25C /* QueueTableViewController.m */ = {isa = PBXFileReference; fileEncoding = 4; lastKnownFileType = sourcecode.c.objc; path = QueueTableViewController.m; sourceTree = "<group>"; };
		AA8703CC1862D1200062A25C /* background.jpg */ = {isa = PBXFileReference; lastKnownFileType = image.jpeg; path = background.jpg; sourceTree = "<group>"; };
		AABFC8041863165500AF22B4 /* no_artwork.png */ = {isa = PBXFileReference; lastKnownFileType = image.png; path = no_artwork.png; sourceTree = "<group>"; };
		AAE8957A1867BBD700E55A95 /* CoreBluetooth.framework */ = {isa = PBXFileReference; lastKnownFileType = wrapper.framework; name = CoreBluetooth.framework; path = System/Library/Frameworks/CoreBluetooth.framework; sourceTree = SDKROOT; };
		AAE8957B1867BBD700E55A95 /* CoreLocation.framework */ = {isa = PBXFileReference; lastKnownFileType = wrapper.framework; name = CoreLocation.framework; path = System/Library/Frameworks/CoreLocation.framework; sourceTree = SDKROOT; };
/* End PBXFileReference section */

/* Begin PBXFrameworksBuildPhase section */
		AA87037118626EB00062A25C /* Frameworks */ = {
			isa = PBXFrameworksBuildPhase;
			buildActionMask = 2147483647;
			files = (
				AA8703C2186282460062A25C /* AVFoundation.framework in Frameworks */,
				AA8703C0186282400062A25C /* AudioToolbox.framework in Frameworks */,
				AA8703BB18627A550062A25C /* MediaPlayer.framework in Frameworks */,
				AA87037A18626EB00062A25C /* CoreGraphics.framework in Frameworks */,
				AA87037C18626EB00062A25C /* UIKit.framework in Frameworks */,
				AA87037818626EB00062A25C /* Foundation.framework in Frameworks */,
			);
			runOnlyForDeploymentPostprocessing = 0;
		};
		AA87039218626EB10062A25C /* Frameworks */ = {
			isa = PBXFrameworksBuildPhase;
			buildActionMask = 2147483647;
			files = (
				AA87039718626EB10062A25C /* XCTest.framework in Frameworks */,
				AA87039918626EB10062A25C /* UIKit.framework in Frameworks */,
				AA87039818626EB10062A25C /* Foundation.framework in Frameworks */,
			);
			runOnlyForDeploymentPostprocessing = 0;
		};
/* End PBXFrameworksBuildPhase section */

/* Begin PBXGroup section */
		AA87036B18626EB00062A25C = {
			isa = PBXGroup;
			children = (
				AA87037D18626EB00062A25C /* Queue */,
				AA87039C18626EB10062A25C /* QueueTests */,
				AA87037618626EB00062A25C /* Frameworks */,
				AA87037518626EB00062A25C /* Products */,
			);
			sourceTree = "<group>";
		};
		AA87037518626EB00062A25C /* Products */ = {
			isa = PBXGroup;
			children = (
				AA87037418626EB00062A25C /* Queue.app */,
				AA87039518626EB10062A25C /* QueueTests.xctest */,
			);
			name = Products;
			sourceTree = "<group>";
		};
		AA87037618626EB00062A25C /* Frameworks */ = {
			isa = PBXGroup;
			children = (
				AAE8957A1867BBD700E55A95 /* CoreBluetooth.framework */,
				AAE8957B1867BBD700E55A95 /* CoreLocation.framework */,
				AA8703C1186282460062A25C /* AVFoundation.framework */,
				AA8703BF186282400062A25C /* AudioToolbox.framework */,
				AA8703BA18627A550062A25C /* MediaPlayer.framework */,
				AA87037718626EB00062A25C /* Foundation.framework */,
				AA87037918626EB00062A25C /* CoreGraphics.framework */,
				AA87037B18626EB00062A25C /* UIKit.framework */,
				AA87039618626EB10062A25C /* XCTest.framework */,
			);
			name = Frameworks;
			sourceTree = "<group>";
		};
		AA87037D18626EB00062A25C /* Queue */ = {
			isa = PBXGroup;
			children = (
				AA595C9C186D287300426227 /* BTLEViewController.h */,
				AA595C9D186D287300426227 /* BTLEViewController.m */,
				AA87038618626EB00062A25C /* QueueAppDelegate.h */,
				AA87038718626EB00062A25C /* QueueAppDelegate.m */,
				AA87038918626EB00062A25C /* Main.storyboard */,
				AA87038C18626EB00062A25C /* QueueViewController.h */,
				AA87038D18626EB00062A25C /* QueueViewController.m */,
				AA8703C31862A6BE0062A25C /* QueueTableViewController.h */,
				AA8703C41862A6BE0062A25C /* QueueTableViewController.m */,
				AA87038F18626EB00062A25C /* Images.xcassets */,
				AA87037E18626EB00062A25C /* Supporting Files */,
				AA595CA2186D3E0B00426227 /* SongStruct.h */,
				AA595CA3186D3E0B00426227 /* SongStruct.m */,
			);
			path = Queue;
			sourceTree = "<group>";
		};
		AA87037E18626EB00062A25C /* Supporting Files */ = {
			isa = PBXGroup;
			children = (
				AA595CAA186DAE4700426227 /* Mobile_Signal.png */,
				AABFC8041863165500AF22B4 /* no_artwork.png */,
				AA8703CC1862D1200062A25C /* background.jpg */,
				AA8703B21862756E0062A25C /* pause_button.png */,
				AA8703B31862756E0062A25C /* pause_button@2x.png */,
				AA8703B41862756E0062A25C /* play_button.png */,
				AA8703B51862756E0062A25C /* play_button@2x.png */,
				AA87037F18626EB00062A25C /* Queue-Info.plist */,
				AA87038018626EB00062A25C /* InfoPlist.strings */,
				AA87038318626EB00062A25C /* main.m */,
				AA87038518626EB00062A25C /* Queue-Prefix.pch */,
			);
			name = "Supporting Files";
			sourceTree = "<group>";
		};
		AA87039C18626EB10062A25C /* QueueTests */ = {
			isa = PBXGroup;
			children = (
				AA8703A218626EB10062A25C /* QueueTests.m */,
				AA87039D18626EB10062A25C /* Supporting Files */,
			);
			path = QueueTests;
			sourceTree = "<group>";
		};
		AA87039D18626EB10062A25C /* Supporting Files */ = {
			isa = PBXGroup;
			children = (
				AA87039E18626EB10062A25C /* QueueTests-Info.plist */,
				AA87039F18626EB10062A25C /* InfoPlist.strings */,
			);
			name = "Supporting Files";
			sourceTree = "<group>";
		};
/* End PBXGroup section */

/* Begin PBXNativeTarget section */
		AA87037318626EB00062A25C /* Queue */ = {
			isa = PBXNativeTarget;
			buildConfigurationList = AA8703A618626EB10062A25C /* Build configuration list for PBXNativeTarget "Queue" */;
			buildPhases = (
				AA87037018626EB00062A25C /* Sources */,
				AA87037118626EB00062A25C /* Frameworks */,
				AA87037218626EB00062A25C /* Resources */,
			);
			buildRules = (
			);
			dependencies = (
			);
			name = Queue;
			productName = Queue;
			productReference = AA87037418626EB00062A25C /* Queue.app */;
			productType = "com.apple.product-type.application";
		};
		AA87039418626EB10062A25C /* QueueTests */ = {
			isa = PBXNativeTarget;
			buildConfigurationList = AA8703A918626EB10062A25C /* Build configuration list for PBXNativeTarget "QueueTests" */;
			buildPhases = (
				AA87039118626EB10062A25C /* Sources */,
				AA87039218626EB10062A25C /* Frameworks */,
				AA87039318626EB10062A25C /* Resources */,
			);
			buildRules = (
			);
			dependencies = (
				AA87039B18626EB10062A25C /* PBXTargetDependency */,
			);
			name = QueueTests;
			productName = QueueTests;
			productReference = AA87039518626EB10062A25C /* QueueTests.xctest */;
			productType = "com.apple.product-type.bundle.unit-test";
		};
/* End PBXNativeTarget section */

/* Begin PBXProject section */
		AA87036C18626EB00062A25C /* Project object */ = {
			isa = PBXProject;
			attributes = {
				CLASSPREFIX = Queue;
				LastUpgradeCheck = 0500;
				ORGANIZATIONNAME = Ethan;
				TargetAttributes = {
					AA87039418626EB10062A25C = {
						TestTargetID = AA87037318626EB00062A25C;
					};
				};
			};
			buildConfigurationList = AA87036F18626EB00062A25C /* Build configuration list for PBXProject "Queue" */;
			compatibilityVersion = "Xcode 3.2";
			developmentRegion = English;
			hasScannedForEncodings = 0;
			knownRegions = (
				en,
				Base,
			);
			mainGroup = AA87036B18626EB00062A25C;
			productRefGroup = AA87037518626EB00062A25C /* Products */;
			projectDirPath = "";
			projectRoot = "";
			targets = (
				AA87037318626EB00062A25C /* Queue */,
				AA87039418626EB10062A25C /* QueueTests */,
			);
		};
/* End PBXProject section */

/* Begin PBXResourcesBuildPhase section */
		AA87037218626EB00062A25C /* Resources */ = {
			isa = PBXResourcesBuildPhase;
			buildActionMask = 2147483647;
			files = (
				AA8703B61862756E0062A25C /* pause_button.png in Resources */,
				AA8703B81862756E0062A25C /* play_button.png in Resources */,
				AA8703B71862756E0062A25C /* pause_button@2x.png in Resources */,
				AABFC8051863165500AF22B4 /* no_artwork.png in Resources */,
				AA8703B91862756E0062A25C /* play_button@2x.png in Resources */,
				AA87039018626EB00062A25C /* Images.xcassets in Resources */,
				AA595CAB186DAE4700426227 /* Mobile_Signal.png in Resources */,
				AA8703CD1862D1200062A25C /* background.jpg in Resources */,
				AA87038218626EB00062A25C /* InfoPlist.strings in Resources */,
				AA87038B18626EB00062A25C /* Main.storyboard in Resources */,
			);
			runOnlyForDeploymentPostprocessing = 0;
		};
		AA87039318626EB10062A25C /* Resources */ = {
			isa = PBXResourcesBuildPhase;
			buildActionMask = 2147483647;
			files = (
				AA8703A118626EB10062A25C /* InfoPlist.strings in Resources */,
			);
			runOnlyForDeploymentPostprocessing = 0;
		};
/* End PBXResourcesBuildPhase section */

/* Begin PBXSourcesBuildPhase section */
		AA87037018626EB00062A25C /* Sources */ = {
			isa = PBXSourcesBuildPhase;
			buildActionMask = 2147483647;
			files = (
				AA87038E18626EB00062A25C /* QueueViewController.m in Sources */,
				AA595C9E186D287300426227 /* BTLEViewController.m in Sources */,
				AA595CA4186D3E0B00426227 /* SongStruct.m in Sources */,
				AA8703C51862A6BE0062A25C /* QueueTableViewController.m in Sources */,
				AA87038818626EB00062A25C /* QueueAppDelegate.m in Sources */,
				AA87038418626EB00062A25C /* main.m in Sources */,
			);
			runOnlyForDeploymentPostprocessing = 0;
		};
		AA87039118626EB10062A25C /* Sources */ = {
			isa = PBXSourcesBuildPhase;
			buildActionMask = 2147483647;
			files = (
				AA8703A318626EB10062A25C /* QueueTests.m in Sources */,
			);
			runOnlyForDeploymentPostprocessing = 0;
		};
/* End PBXSourcesBuildPhase section */

/* Begin PBXTargetDependency section */
		AA87039B18626EB10062A25C /* PBXTargetDependency */ = {
			isa = PBXTargetDependency;
			target = AA87037318626EB00062A25C /* Queue */;
			targetProxy = AA87039A18626EB10062A25C /* PBXContainerItemProxy */;
		};
/* End PBXTargetDependency section */

/* Begin PBXVariantGroup section */
		AA87038018626EB00062A25C /* InfoPlist.strings */ = {
			isa = PBXVariantGroup;
			children = (
				AA87038118626EB00062A25C /* en */,
			);
			name = InfoPlist.strings;
			sourceTree = "<group>";
		};
		AA87038918626EB00062A25C /* Main.storyboard */ = {
			isa = PBXVariantGroup;
			children = (
				AA87038A18626EB00062A25C /* Base */,
			);
			name = Main.storyboard;
			sourceTree = "<group>";
		};
		AA87039F18626EB10062A25C /* InfoPlist.strings */ = {
			isa = PBXVariantGroup;
			children = (
				AA8703A018626EB10062A25C /* en */,
			);
			name = InfoPlist.strings;
			sourceTree = "<group>";
		};
/* End PBXVariantGroup section */

/* Begin XCBuildConfiguration section */
		AA8703A418626EB10062A25C /* Debug */ = {
			isa = XCBuildConfiguration;
			buildSettings = {
				ALWAYS_SEARCH_USER_PATHS = NO;
				ARCHS = "$(ARCHS_STANDARD_INCLUDING_64_BIT)";
				CLANG_CXX_LANGUAGE_STANDARD = "gnu++0x";
				CLANG_CXX_LIBRARY = "libc++";
				CLANG_ENABLE_MODULES = YES;
				CLANG_ENABLE_OBJC_ARC = YES;
				CLANG_WARN_BOOL_CONVERSION = YES;
				CLANG_WARN_CONSTANT_CONVERSION = YES;
				CLANG_WARN_DIRECT_OBJC_ISA_USAGE = YES_ERROR;
				CLANG_WARN_EMPTY_BODY = YES;
				CLANG_WARN_ENUM_CONVERSION = YES;
				CLANG_WARN_INT_CONVERSION = YES;
				CLANG_WARN_OBJC_ROOT_CLASS = YES_ERROR;
				CLANG_WARN__DUPLICATE_METHOD_MATCH = YES;
				"CODE_SIGN_IDENTITY[sdk=iphoneos*]" = "iPhone Developer";
				COPY_PHASE_STRIP = NO;
				GCC_C_LANGUAGE_STANDARD = gnu99;
				GCC_DYNAMIC_NO_PIC = NO;
				GCC_OPTIMIZATION_LEVEL = 0;
				GCC_PREPROCESSOR_DEFINITIONS = (
					"DEBUG=1",
					"$(inherited)",
				);
				GCC_SYMBOLS_PRIVATE_EXTERN = NO;
				GCC_WARN_64_TO_32_BIT_CONVERSION = YES;
				GCC_WARN_ABOUT_RETURN_TYPE = YES_ERROR;
				GCC_WARN_UNDECLARED_SELECTOR = YES;
				GCC_WARN_UNINITIALIZED_AUTOS = YES;
				GCC_WARN_UNUSED_FUNCTION = YES;
				GCC_WARN_UNUSED_VARIABLE = YES;
				IPHONEOS_DEPLOYMENT_TARGET = 7.0;
				ONLY_ACTIVE_ARCH = YES;
				SDKROOT = iphoneos;
			};
			name = Debug;
		};
		AA8703A518626EB10062A25C /* Release */ = {
			isa = XCBuildConfiguration;
			buildSettings = {
				ALWAYS_SEARCH_USER_PATHS = NO;
				ARCHS = "$(ARCHS_STANDARD_INCLUDING_64_BIT)";
				CLANG_CXX_LANGUAGE_STANDARD = "gnu++0x";
				CLANG_CXX_LIBRARY = "libc++";
				CLANG_ENABLE_MODULES = YES;
				CLANG_ENABLE_OBJC_ARC = YES;
				CLANG_WARN_BOOL_CONVERSION = YES;
				CLANG_WARN_CONSTANT_CONVERSION = YES;
				CLANG_WARN_DIRECT_OBJC_ISA_USAGE = YES_ERROR;
				CLANG_WARN_EMPTY_BODY = YES;
				CLANG_WARN_ENUM_CONVERSION = YES;
				CLANG_WARN_INT_CONVERSION = YES;
				CLANG_WARN_OBJC_ROOT_CLASS = YES_ERROR;
				CLANG_WARN__DUPLICATE_METHOD_MATCH = YES;
				"CODE_SIGN_IDENTITY[sdk=iphoneos*]" = "iPhone Developer";
				COPY_PHASE_STRIP = YES;
				ENABLE_NS_ASSERTIONS = NO;
				GCC_C_LANGUAGE_STANDARD = gnu99;
				GCC_WARN_64_TO_32_BIT_CONVERSION = YES;
				GCC_WARN_ABOUT_RETURN_TYPE = YES_ERROR;
				GCC_WARN_UNDECLARED_SELECTOR = YES;
				GCC_WARN_UNINITIALIZED_AUTOS = YES;
				GCC_WARN_UNUSED_FUNCTION = YES;
				GCC_WARN_UNUSED_VARIABLE = YES;
				IPHONEOS_DEPLOYMENT_TARGET = 7.0;
				SDKROOT = iphoneos;
				VALIDATE_PRODUCT = YES;
			};
			name = Release;
		};
		AA8703A718626EB10062A25C /* Debug */ = {
			isa = XCBuildConfiguration;
			buildSettings = {
				ASSETCATALOG_COMPILER_APPICON_NAME = AppIcon;
				ASSETCATALOG_COMPILER_LAUNCHIMAGE_NAME = LaunchImage;
				GCC_PRECOMPILE_PREFIX_HEADER = YES;
				GCC_PREFIX_HEADER = "Queue/Queue-Prefix.pch";
				INFOPLIST_FILE = "Queue/Queue-Info.plist";
				PRODUCT_NAME = "$(TARGET_NAME)";
				WRAPPER_EXTENSION = app;
			};
			name = Debug;
		};
		AA8703A818626EB10062A25C /* Release */ = {
			isa = XCBuildConfiguration;
			buildSettings = {
				ASSETCATALOG_COMPILER_APPICON_NAME = AppIcon;
				ASSETCATALOG_COMPILER_LAUNCHIMAGE_NAME = LaunchImage;
				GCC_PRECOMPILE_PREFIX_HEADER = YES;
				GCC_PREFIX_HEADER = "Queue/Queue-Prefix.pch";
				INFOPLIST_FILE = "Queue/Queue-Info.plist";
				PRODUCT_NAME = "$(TARGET_NAME)";
				WRAPPER_EXTENSION = app;
			};
			name = Release;
		};
		AA8703AA18626EB10062A25C /* Debug */ = {
			isa = XCBuildConfiguration;
			buildSettings = {
				ARCHS = "$(ARCHS_STANDARD_INCLUDING_64_BIT)";
				BUNDLE_LOADER = "$(BUILT_PRODUCTS_DIR)/Queue.app/Queue";
				FRAMEWORK_SEARCH_PATHS = (
					"$(SDKROOT)/Developer/Library/Frameworks",
					"$(inherited)",
					"$(DEVELOPER_FRAMEWORKS_DIR)",
				);
				GCC_PRECOMPILE_PREFIX_HEADER = YES;
				GCC_PREFIX_HEADER = "Queue/Queue-Prefix.pch";
				GCC_PREPROCESSOR_DEFINITIONS = (
					"DEBUG=1",
					"$(inherited)",
				);
				INFOPLIST_FILE = "QueueTests/QueueTests-Info.plist";
				PRODUCT_NAME = "$(TARGET_NAME)";
				TEST_HOST = "$(BUNDLE_LOADER)";
				WRAPPER_EXTENSION = xctest;
			};
			name = Debug;
		};
		AA8703AB18626EB10062A25C /* Release */ = {
			isa = XCBuildConfiguration;
			buildSettings = {
				ARCHS = "$(ARCHS_STANDARD_INCLUDING_64_BIT)";
				BUNDLE_LOADER = "$(BUILT_PRODUCTS_DIR)/Queue.app/Queue";
				FRAMEWORK_SEARCH_PATHS = (
					"$(SDKROOT)/Developer/Library/Frameworks",
					"$(inherited)",
					"$(DEVELOPER_FRAMEWORKS_DIR)",
				);
				GCC_PRECOMPILE_PREFIX_HEADER = YES;
				GCC_PREFIX_HEADER = "Queue/Queue-Prefix.pch";
				INFOPLIST_FILE = "QueueTests/QueueTests-Info.plist";
				PRODUCT_NAME = "$(TARGET_NAME)";
				TEST_HOST = "$(BUNDLE_LOADER)";
				WRAPPER_EXTENSION = xctest;
			};
			name = Release;
		};
/* End XCBuildConfiguration section */

/* Begin XCConfigurationList section */
		AA87036F18626EB00062A25C /* Build configuration list for PBXProject "Queue" */ = {
			isa = XCConfigurationList;
			buildConfigurations = (
				AA8703A418626EB10062A25C /* Debug */,
				AA8703A518626EB10062A25C /* Release */,
			);
			defaultConfigurationIsVisible = 0;
			defaultConfigurationName = Release;
		};
		AA8703A618626EB10062A25C /* Build configuration list for PBXNativeTarget "Queue" */ = {
			isa = XCConfigurationList;
			buildConfigurations = (
				AA8703A718626EB10062A25C /* Debug */,
				AA8703A818626EB10062A25C /* Release */,
			);
			defaultConfigurationIsVisible = 0;
			defaultConfigurationName = Release;
		};
		AA8703A918626EB10062A25C /* Build configuration list for PBXNativeTarget "QueueTests" */ = {
			isa = XCConfigurationList;
			buildConfigurations = (
				AA8703AA18626EB10062A25C /* Debug */,
				AA8703AB18626EB10062A25C /* Release */,
			);
			defaultConfigurationIsVisible = 0;
			defaultConfigurationName = Release;
		};
/* End XCConfigurationList section */
	};
	rootObject = AA87036C18626EB00062A25C /* Project object */;
}
